
Microsoft Visual Studio Solution File, Format Version 12.00
Project("{FAE04EC0-301F-11D3-BF4B-00C04F79EFBC}") = "Day22", "Day22.csproj", "{266AA815-50B1-4E87-BFD1-9CBD5501E525}"
EndProject
Global
	GlobalSection(SolutionConfigurationPlatforms) = preSolution
		Debug|Any CPU = Debug|Any CPU
		Release|Any CPU = Release|Any CPU
	EndGlobalSection
	GlobalSection(ProjectConfigurationPlatforms) = postSolution
		{266AA815-50B1-4E87-BFD1-9CBD5501E525}.Debug|Any CPU.ActiveCfg = Debug|Any CPU
		{266AA815-50B1-4E87-BFD1-9CBD5501E525}.Debug|Any CPU.Build.0 = Debug|Any CPU
		{266AA815-50B1-4E87-BFD1-9CBD5501E525}.Release|Any CPU.ActiveCfg = Release|Any CPU
		{266AA815-50B1-4E87-BFD1-9CBD5501E525}.Release|Any CPU.Build.0 = Release|Any CPU
	EndGlobalSection
EndGlobal
